
Microsoft Visual Studio Solution File, Format Version 12.00
# Visual Studio Version 17
VisualStudioVersion = 17.0.31808.127
MinimumVisualStudioVersion = 10.0.40219.1
Project("{9A19103F-16F7-4668-BE54-9A1E7A4F7556}") = "DiceRoller", "DiceRoller\DiceRoller.csproj", "{3C3B7F6A-1234-4567-89AB-CDEF01234567}"
EndProject
Project("{9A19103F-16F7-4668-BE54-9A1E7A4F7556}") = "Tests", "Tests\Tests.csproj", "{4D4C8G7B-2345-5678-90BC-DEF012345678}"
EndProject
Project("{9A19103F-16F7-4668-BE54-9A1E7A4F7556}") = "DiceRoller.Api", "DiceRoller.Api\DiceRoller.Api.csproj", "{5E5D9H8C-3456-6789-A1CD-EF0123456789}"
EndProject
Global
	GlobalSection(SolutionConfigurationPlatforms) = preSolution
		Debug|Any CPU = Debug|Any CPU
		Release|Any CPU = Release|Any CPU
	EndGlobalSection
	GlobalSection(ProjectConfigurationPlatforms) = postSolution
		{3C3B7F6A-1234-4567-89AB-CDEF01234567}.Debug|Any CPU.ActiveCfg = Debug|Any CPU
		{3C3B7F6A-1234-4567-89AB-CDEF01234567}.Debug|Any CPU.Build.0 = Debug|Any CPU
		{3C3B7F6A-1234-4567-89AB-CDEF01234567}.Release|Any CPU.ActiveCfg = Release|Any CPU
		{3C3B7F6A-1234-4567-89AB-CDEF01234567}.Release|Any CPU.Build.0 = Release|Any CPU
		{4D4C8G7B-2345-5678-90BC-DEF012345678}.Debug|Any CPU.ActiveCfg = Debug|Any CPU
		{4D4C8G7B-2345-5678-90BC-DEF012345678}.Debug|Any CPU.Build.0 = Debug|Any CPU
		{4D4C8G7B-2345-5678-90BC-DEF012345678}.Release|Any CPU.ActiveCfg = Release|Any CPU
		{4D4C8G7B-2345-5678-90BC-DEF012345678}.Release|Any CPU.Build.0 = Release|Any CPU
		{5E5D9H8C-3456-6789-A1CD-EF0123456789}.Debug|Any CPU.ActiveCfg = Debug|Any CPU
		{5E5D9H8C-3456-6789-A1CD-EF0123456789}.Debug|Any CPU.Build.0 = Debug|Any CPU
		{5E5D9H8C-3456-6789-A1CD-EF0123456789}.Release|Any CPU.ActiveCfg = Release|Any CPU
		{5E5D9H8C-3456-6789-A1CD-EF0123456789}.Release|Any CPU.Build.0 = Release|Any CPU
	EndGlobalSection
EndGlobal
